// !$*UTF8*$!
{
	archiveVersion = 1;
	classes = {
	};
	objectVersion = 50;
	objects = {

/* Begin PBXBuildFile section */
		8757FF8A25AC808200200D28 /* songsManager.cpp in Sources */ = {isa = PBXBuildFile; fileRef = 8757FF8825AC808200200D28 /* songsManager.cpp */; };
		8757FF8D25AC88C700200D28 /* dtaParser.cpp in Sources */ = {isa = PBXBuildFile; fileRef = 8757FF8B25AC88C700200D28 /* dtaParser.cpp */; };
		8777A8BE266BC62600250001 /* libcrypto.1.1.dylib in Frameworks */ = {isa = PBXBuildFile; fileRef = 8777A8BD266BC62600250001 /* libcrypto.1.1.dylib */; };
		8777A8BF266BC62600250001 /* libcrypto.1.1.dylib in Embed Libraries */ = {isa = PBXBuildFile; fileRef = 8777A8BD266BC62600250001 /* libcrypto.1.1.dylib */; settings = {ATTRIBUTES = (CodeSignOnCopy, ); }; };
		877B3A99258789F000852CD3 /* main.cpp in Sources */ = {isa = PBXBuildFile; fileRef = 877B3A98258789F000852CD3 /* main.cpp */; };
		877B3AA225878A6100852CD3 /* ConvertMogg.cpp in Sources */ = {isa = PBXBuildFile; fileRef = 877B3AA025878A6100852CD3 /* ConvertMogg.cpp */; };
		877B3AA825878CBB00852CD3 /* libgeneral.0.dylib in Frameworks */ = {isa = PBXBuildFile; fileRef = 877B3AA725878CBB00852CD3 /* libgeneral.0.dylib */; };
		877B3AA925878CBB00852CD3 /* libgeneral.0.dylib in Embed Libraries */ = {isa = PBXBuildFile; fileRef = 877B3AA725878CBB00852CD3 /* libgeneral.0.dylib */; settings = {ATTRIBUTES = (CodeSignOnCopy, ); }; };
		877B3AAD2587967B00852CD3 /* ConvertMid.cpp in Sources */ = {isa = PBXBuildFile; fileRef = 877B3AAB2587967B00852CD3 /* ConvertMid.cpp */; };
		877B3AB32587C85600852CD3 /* ConvertPNG.cpp in Sources */ = {isa = PBXBuildFile; fileRef = 877B3AB12587C85600852CD3 /* ConvertPNG.cpp */; };
		877B3AB62587C86C00852CD3 /* FileLoader.cpp in Sources */ = {isa = PBXBuildFile; fileRef = 877B3AB42587C86C00852CD3 /* FileLoader.cpp */; };
		877B3AB92587CD0000852CD3 /* NPD.cpp in Sources */ = {isa = PBXBuildFile; fileRef = 877B3AB72587CD0000852CD3 /* NPD.cpp */; };
		87988E88259CA44400CCB896 /* STFS.cpp in Sources */ = {isa = PBXBuildFile; fileRef = 87988E86259CA44400CCB896 /* STFS.cpp */; };
/* End PBXBuildFile section */

/* Begin PBXCopyFilesBuildPhase section */
		877B3A93258789EF00852CD3 /* CopyFiles */ = {
			isa = PBXCopyFilesBuildPhase;
			buildActionMask = 2147483647;
			dstPath = /usr/share/man/man1/;
			dstSubfolderSpec = 0;
			files = (
			);
			runOnlyForDeploymentPostprocessing = 1;
		};
		877B3AAA25878CBB00852CD3 /* Embed Libraries */ = {
			isa = PBXCopyFilesBuildPhase;
			buildActionMask = 2147483647;
			dstPath = "";
			dstSubfolderSpec = 10;
			files = (
				877B3AA925878CBB00852CD3 /* libgeneral.0.dylib in Embed Libraries */,
				8777A8BF266BC62600250001 /* libcrypto.1.1.dylib in Embed Libraries */,
			);
			name = "Embed Libraries";
			runOnlyForDeploymentPostprocessing = 0;
		};
/* End PBXCopyFilesBuildPhase section */

/* Begin PBXFileReference section */
		8757FF8825AC808200200D28 /* songsManager.cpp */ = {isa = PBXFileReference; lastKnownFileType = sourcecode.cpp.cpp; path = songsManager.cpp; sourceTree = "<group>"; };
		8757FF8925AC808200200D28 /* songsManager.hpp */ = {isa = PBXFileReference; lastKnownFileType = sourcecode.cpp.h; path = songsManager.hpp; sourceTree = "<group>"; };
		8757FF8B25AC88C700200D28 /* dtaParser.cpp */ = {isa = PBXFileReference; lastKnownFileType = sourcecode.cpp.cpp; path = dtaParser.cpp; sourceTree = "<group>"; };
		8757FF8C25AC88C700200D28 /* dtaParser.hpp */ = {isa = PBXFileReference; lastKnownFileType = sourcecode.cpp.h; path = dtaParser.hpp; sourceTree = "<group>"; };
		8777A8BD266BC62600250001 /* libcrypto.1.1.dylib */ = {isa = PBXFileReference; lastKnownFileType = "compiled.mach-o.dylib"; name = libcrypto.1.1.dylib; path = "../../../../usr/local/Cellar/openssl@1.1/1.1.1k/lib/libcrypto.1.1.dylib"; sourceTree = "<group>"; };
		877B3A95258789EF00852CD3 /* rb3converter */ = {isa = PBXFileReference; explicitFileType = "compiled.mach-o.executable"; includeInIndex = 0; path = rb3converter; sourceTree = BUILT_PRODUCTS_DIR; };
		877B3A98258789F000852CD3 /* main.cpp */ = {isa = PBXFileReference; lastKnownFileType = sourcecode.cpp.cpp; path = main.cpp; sourceTree = "<group>"; };
		877B3AA025878A6100852CD3 /* ConvertMogg.cpp */ = {isa = PBXFileReference; lastKnownFileType = sourcecode.cpp.cpp; path = ConvertMogg.cpp; sourceTree = "<group>"; };
		877B3AA125878A6100852CD3 /* ConvertMogg.hpp */ = {isa = PBXFileReference; lastKnownFileType = sourcecode.cpp.h; path = ConvertMogg.hpp; sourceTree = "<group>"; };
		877B3AA725878CBB00852CD3 /* libgeneral.0.dylib */ = {isa = PBXFileReference; lastKnownFileType = "compiled.mach-o.dylib"; name = libgeneral.0.dylib; path = ../../../../usr/local/lib/libgeneral.0.dylib; sourceTree = "<group>"; };
		877B3AAB2587967B00852CD3 /* ConvertMid.cpp */ = {isa = PBXFileReference; lastKnownFileType = sourcecode.cpp.cpp; path = ConvertMid.cpp; sourceTree = "<group>"; };
		877B3AAC2587967B00852CD3 /* ConvertMid.hpp */ = {isa = PBXFileReference; lastKnownFileType = sourcecode.cpp.h; path = ConvertMid.hpp; sourceTree = "<group>"; };
		877B3AAE2587B67100852CD3 /* libcrypto.1.1.dylib */ = {isa = PBXFileReference; lastKnownFileType = "compiled.mach-o.dylib"; name = libcrypto.1.1.dylib; path = "../../../../usr/local/Cellar/openssl@1.1/1.1.1h/lib/libcrypto.1.1.dylib"; sourceTree = "<group>"; };
		877B3AB12587C85600852CD3 /* ConvertPNG.cpp */ = {isa = PBXFileReference; lastKnownFileType = sourcecode.cpp.cpp; path = ConvertPNG.cpp; sourceTree = "<group>"; };
		877B3AB22587C85600852CD3 /* ConvertPNG.hpp */ = {isa = PBXFileReference; lastKnownFileType = sourcecode.cpp.h; path = ConvertPNG.hpp; sourceTree = "<group>"; };
		877B3AB42587C86C00852CD3 /* FileLoader.cpp */ = {isa = PBXFileReference; lastKnownFileType = sourcecode.cpp.cpp; path = FileLoader.cpp; sourceTree = "<group>"; };
		877B3AB52587C86C00852CD3 /* FileLoader.hpp */ = {isa = PBXFileReference; lastKnownFileType = sourcecode.cpp.h; path = FileLoader.hpp; sourceTree = "<group>"; };
		877B3AB72587CD0000852CD3 /* NPD.cpp */ = {isa = PBXFileReference; fileEncoding = 4; lastKnownFileType = sourcecode.cpp.cpp; path = NPD.cpp; sourceTree = "<group>"; };
		877B3AB82587CD0000852CD3 /* NPD.hpp */ = {isa = PBXFileReference; fileEncoding = 4; lastKnownFileType = sourcecode.cpp.h; path = NPD.hpp; sourceTree = "<group>"; };
		87988E83259CA21500CCB896 /* libcrypto.1.1.dylib */ = {isa = PBXFileReference; lastKnownFileType = "compiled.mach-o.dylib"; name = libcrypto.1.1.dylib; path = "../../../../usr/local/Cellar/openssl@1.1/1.1.1i/lib/libcrypto.1.1.dylib"; sourceTree = "<group>"; };
		87988E86259CA44400CCB896 /* STFS.cpp */ = {isa = PBXFileReference; lastKnownFileType = sourcecode.cpp.cpp; path = STFS.cpp; sourceTree = "<group>"; };
		87988E87259CA44400CCB896 /* STFS.hpp */ = {isa = PBXFileReference; lastKnownFileType = sourcecode.cpp.h; path = STFS.hpp; sourceTree = "<group>"; };
/* End PBXFileReference section */

/* Begin PBXFrameworksBuildPhase section */
		877B3A92258789EF00852CD3 /* Frameworks */ = {
			isa = PBXFrameworksBuildPhase;
			buildActionMask = 2147483647;
			files = (
				877B3AA825878CBB00852CD3 /* libgeneral.0.dylib in Frameworks */,
				8777A8BE266BC62600250001 /* libcrypto.1.1.dylib in Frameworks */,
			);
			runOnlyForDeploymentPostprocessing = 0;
		};
/* End PBXFrameworksBuildPhase section */

/* Begin PBXGroup section */
		877B3A8C258789EF00852CD3 = {
			isa = PBXGroup;
			children = (
				877B3A97258789EF00852CD3 /* rb3converter */,
				877B3A96258789EF00852CD3 /* Products */,
				877B3AA625878CBB00852CD3 /* Frameworks */,
			);
			sourceTree = "<group>";
		};
		877B3A96258789EF00852CD3 /* Products */ = {
			isa = PBXGroup;
			children = (
				877B3A95258789EF00852CD3 /* rb3converter */,
			);
			name = Products;
			sourceTree = "<group>";
		};
		877B3A97258789EF00852CD3 /* rb3converter */ = {
			isa = PBXGroup;
			children = (
				877B3AB52587C86C00852CD3 /* FileLoader.hpp */,
				877B3AB42587C86C00852CD3 /* FileLoader.cpp */,
				877B3AA125878A6100852CD3 /* ConvertMogg.hpp */,
				877B3AA025878A6100852CD3 /* ConvertMogg.cpp */,
				877B3AB82587CD0000852CD3 /* NPD.hpp */,
				877B3AB72587CD0000852CD3 /* NPD.cpp */,
				877B3AAC2587967B00852CD3 /* ConvertMid.hpp */,
				877B3AAB2587967B00852CD3 /* ConvertMid.cpp */,
				877B3AB22587C85600852CD3 /* ConvertPNG.hpp */,
				877B3AB12587C85600852CD3 /* ConvertPNG.cpp */,
				87988E87259CA44400CCB896 /* STFS.hpp */,
				87988E86259CA44400CCB896 /* STFS.cpp */,
				8757FF8C25AC88C700200D28 /* dtaParser.hpp */,
				8757FF8B25AC88C700200D28 /* dtaParser.cpp */,
				8757FF8925AC808200200D28 /* songsManager.hpp */,
				8757FF8825AC808200200D28 /* songsManager.cpp */,
				877B3A98258789F000852CD3 /* main.cpp */,
			);
			path = rb3converter;
			sourceTree = "<group>";
		};
		877B3AA625878CBB00852CD3 /* Frameworks */ = {
			isa = PBXGroup;
			children = (
				877B3AAE2587B67100852CD3 /* libcrypto.1.1.dylib */,
				87988E83259CA21500CCB896 /* libcrypto.1.1.dylib */,
				8777A8BD266BC62600250001 /* libcrypto.1.1.dylib */,
				877B3AA725878CBB00852CD3 /* libgeneral.0.dylib */,
			);
			name = Frameworks;
			sourceTree = "<group>";
		};
/* End PBXGroup section */

/* Begin PBXNativeTarget section */
		877B3A94258789EF00852CD3 /* rb3converter */ = {
			isa = PBXNativeTarget;
			buildConfigurationList = 877B3A9C258789F000852CD3 /* Build configuration list for PBXNativeTarget "rb3converter" */;
			buildPhases = (
				877B3A91258789EF00852CD3 /* Sources */,
				877B3A92258789EF00852CD3 /* Frameworks */,
				877B3A93258789EF00852CD3 /* CopyFiles */,
				877B3AAA25878CBB00852CD3 /* Embed Libraries */,
			);
			buildRules = (
			);
			dependencies = (
			);
			name = rb3converter;
			productName = rb3converter;
			productReference = 877B3A95258789EF00852CD3 /* rb3converter */;
			productType = "com.apple.product-type.tool";
		};
/* End PBXNativeTarget section */

/* Begin PBXProject section */
		877B3A8D258789EF00852CD3 /* Project object */ = {
			isa = PBXProject;
			attributes = {
				LastUpgradeCheck = 1220;
				TargetAttributes = {
					877B3A94258789EF00852CD3 = {
						CreatedOnToolsVersion = 12.2;
					};
				};
			};
			buildConfigurationList = 877B3A90258789EF00852CD3 /* Build configuration list for PBXProject "rb3converter" */;
			compatibilityVersion = "Xcode 9.3";
			developmentRegion = en;
			hasScannedForEncodings = 0;
			knownRegions = (
				en,
				Base,
			);
			mainGroup = 877B3A8C258789EF00852CD3;
			productRefGroup = 877B3A96258789EF00852CD3 /* Products */;
			projectDirPath = "";
			projectRoot = "";
			targets = (
				877B3A94258789EF00852CD3 /* rb3converter */,
			);
		};
/* End PBXProject section */

/* Begin PBXSourcesBuildPhase section */
		877B3A91258789EF00852CD3 /* Sources */ = {
			isa = PBXSourcesBuildPhase;
			buildActionMask = 2147483647;
			files = (
				877B3AB92587CD0000852CD3 /* NPD.cpp in Sources */,
				877B3A99258789F000852CD3 /* main.cpp in Sources */,
				877B3AA225878A6100852CD3 /* ConvertMogg.cpp in Sources */,
				877B3AB32587C85600852CD3 /* ConvertPNG.cpp in Sources */,
				8757FF8D25AC88C700200D28 /* dtaParser.cpp in Sources */,
				87988E88259CA44400CCB896 /* STFS.cpp in Sources */,
				877B3AAD2587967B00852CD3 /* ConvertMid.cpp in Sources */,
				8757FF8A25AC808200200D28 /* songsManager.cpp in Sources */,
				877B3AB62587C86C00852CD3 /* FileLoader.cpp in Sources */,
			);
			runOnlyForDeploymentPostprocessing = 0;
		};
/* End PBXSourcesBuildPhase section */

/* Begin XCBuildConfiguration section */
		877B3A9A258789F000852CD3 /* Debug */ = {
			isa = XCBuildConfiguration;
			buildSettings = {
				ALWAYS_SEARCH_USER_PATHS = NO;
				CLANG_ANALYZER_NONNULL = YES;
				CLANG_ANALYZER_NUMBER_OBJECT_CONVERSION = YES_AGGRESSIVE;
				CLANG_CXX_LANGUAGE_STANDARD = "gnu++14";
				CLANG_CXX_LIBRARY = "libc++";
				CLANG_ENABLE_MODULES = YES;
				CLANG_ENABLE_OBJC_ARC = YES;
				CLANG_ENABLE_OBJC_WEAK = YES;
				CLANG_WARN_BLOCK_CAPTURE_AUTORELEASING = YES;
				CLANG_WARN_BOOL_CONVERSION = YES;
				CLANG_WARN_COMMA = YES;
				CLANG_WARN_CONSTANT_CONVERSION = YES;
				CLANG_WARN_DEPRECATED_OBJC_IMPLEMENTATIONS = YES;
				CLANG_WARN_DIRECT_OBJC_ISA_USAGE = YES_ERROR;
				CLANG_WARN_DOCUMENTATION_COMMENTS = YES;
				CLANG_WARN_EMPTY_BODY = YES;
				CLANG_WARN_ENUM_CONVERSION = YES;
				CLANG_WARN_INFINITE_RECURSION = YES;
				CLANG_WARN_INT_CONVERSION = YES;
				CLANG_WARN_NON_LITERAL_NULL_CONVERSION = YES;
				CLANG_WARN_OBJC_IMPLICIT_RETAIN_SELF = YES;
				CLANG_WARN_OBJC_LITERAL_CONVERSION = YES;
				CLANG_WARN_OBJC_ROOT_CLASS = YES_ERROR;
				CLANG_WARN_QUOTED_INCLUDE_IN_FRAMEWORK_HEADER = YES;
				CLANG_WARN_RANGE_LOOP_ANALYSIS = YES;
				CLANG_WARN_STRICT_PROTOTYPES = YES;
				CLANG_WARN_SUSPICIOUS_MOVE = YES;
				CLANG_WARN_UNGUARDED_AVAILABILITY = YES_AGGRESSIVE;
				CLANG_WARN_UNREACHABLE_CODE = YES;
				CLANG_WARN__DUPLICATE_METHOD_MATCH = YES;
				COPY_PHASE_STRIP = NO;
				DEBUG_INFORMATION_FORMAT = dwarf;
				ENABLE_STRICT_OBJC_MSGSEND = YES;
				ENABLE_TESTABILITY = YES;
				GCC_C_LANGUAGE_STANDARD = gnu11;
				GCC_DYNAMIC_NO_PIC = NO;
				GCC_NO_COMMON_BLOCKS = YES;
				GCC_OPTIMIZATION_LEVEL = 0;
				GCC_PREPROCESSOR_DEFINITIONS = (
					"DEBUG=1",
					"$(inherited)",
				);
				GCC_WARN_64_TO_32_BIT_CONVERSION = YES;
				GCC_WARN_ABOUT_RETURN_TYPE = YES_ERROR;
				GCC_WARN_UNDECLARED_SELECTOR = YES;
				GCC_WARN_UNINITIALIZED_AUTOS = YES_AGGRESSIVE;
				GCC_WARN_UNUSED_FUNCTION = YES;
				GCC_WARN_UNUSED_VARIABLE = YES;
				MACOSX_DEPLOYMENT_TARGET = 11.0;
				MTL_ENABLE_DEBUG_INFO = INCLUDE_SOURCE;
				MTL_FAST_MATH = YES;
				ONLY_ACTIVE_ARCH = YES;
				SDKROOT = macosx;
			};
			name = Debug;
		};
		877B3A9B258789F000852CD3 /* Release */ = {
			isa = XCBuildConfiguration;
			buildSettings = {
				ALWAYS_SEARCH_USER_PATHS = NO;
				CLANG_ANALYZER_NONNULL = YES;
				CLANG_ANALYZER_NUMBER_OBJECT_CONVERSION = YES_AGGRESSIVE;
				CLANG_CXX_LANGUAGE_STANDARD = "gnu++14";
				CLANG_CXX_LIBRARY = "libc++";
				CLANG_ENABLE_MODULES = YES;
				CLANG_ENABLE_OBJC_ARC = YES;
				CLANG_ENABLE_OBJC_WEAK = YES;
				CLANG_WARN_BLOCK_CAPTURE_AUTORELEASING = YES;
				CLANG_WARN_BOOL_CONVERSION = YES;
				CLANG_WARN_COMMA = YES;
				CLANG_WARN_CONSTANT_CONVERSION = YES;
				CLANG_WARN_DEPRECATED_OBJC_IMPLEMENTATIONS = YES;
				CLANG_WARN_DIRECT_OBJC_ISA_USAGE = YES_ERROR;
				CLANG_WARN_DOCUMENTATION_COMMENTS = YES;
				CLANG_WARN_EMPTY_BODY = YES;
				CLANG_WARN_ENUM_CONVERSION = YES;
				CLANG_WARN_INFINITE_RECURSION = YES;
				CLANG_WARN_INT_CONVERSION = YES;
				CLANG_WARN_NON_LITERAL_NULL_CONVERSION = YES;
				CLANG_WARN_OBJC_IMPLICIT_RETAIN_SELF = YES;
				CLANG_WARN_OBJC_LITERAL_CONVERSION = YES;
				CLANG_WARN_OBJC_ROOT_CLASS = YES_ERROR;
				CLANG_WARN_QUOTED_INCLUDE_IN_FRAMEWORK_HEADER = YES;
				CLANG_WARN_RANGE_LOOP_ANALYSIS = YES;
				CLANG_WARN_STRICT_PROTOTYPES = YES;
				CLANG_WARN_SUSPICIOUS_MOVE = YES;
				CLANG_WARN_UNGUARDED_AVAILABILITY = YES_AGGRESSIVE;
				CLANG_WARN_UNREACHABLE_CODE = YES;
				CLANG_WARN__DUPLICATE_METHOD_MATCH = YES;
				COPY_PHASE_STRIP = NO;
				DEBUG_INFORMATION_FORMAT = "dwarf-with-dsym";
				ENABLE_NS_ASSERTIONS = NO;
				ENABLE_STRICT_OBJC_MSGSEND = YES;
				GCC_C_LANGUAGE_STANDARD = gnu11;
				GCC_NO_COMMON_BLOCKS = YES;
				GCC_WARN_64_TO_32_BIT_CONVERSION = YES;
				GCC_WARN_ABOUT_RETURN_TYPE = YES_ERROR;
				GCC_WARN_UNDECLARED_SELECTOR = YES;
				GCC_WARN_UNINITIALIZED_AUTOS = YES_AGGRESSIVE;
				GCC_WARN_UNUSED_FUNCTION = YES;
				GCC_WARN_UNUSED_VARIABLE = YES;
				MACOSX_DEPLOYMENT_TARGET = 11.0;
				MTL_ENABLE_DEBUG_INFO = NO;
				MTL_FAST_MATH = YES;
				SDKROOT = macosx;
			};
			name = Release;
		};
		877B3A9D258789F000852CD3 /* Debug */ = {
			isa = XCBuildConfiguration;
			buildSettings = {
				CLANG_CXX_LANGUAGE_STANDARD = "c++17";
				CODE_SIGN_STYLE = Automatic;
				HEADER_SEARCH_PATHS = (
					/usr/local/include,
					"/usr/local/opt/openssl@1.1/include",
				);
				LIBRARY_SEARCH_PATHS = (
					/usr/local/lib,
					"/usr/local/opt/openssl@1.1/lib",
					"/usr/local/Cellar/openssl@1.1/1.1.1k/lib",
				);
				PRODUCT_NAME = "$(TARGET_NAME)";
			};
			name = Debug;
		};
		877B3A9E258789F000852CD3 /* Release */ = {
			isa = XCBuildConfiguration;
			buildSettings = {
				CLANG_CXX_LANGUAGE_STANDARD = "c++17";
				CODE_SIGN_STYLE = Automatic;
				HEADER_SEARCH_PATHS = (
					/usr/local/include,
					"/usr/local/opt/openssl@1.1/include",
				);
				LIBRARY_SEARCH_PATHS = (
					/usr/local/lib,
					"/usr/local/opt/openssl@1.1/lib",
					"/usr/local/Cellar/openssl@1.1/1.1.1k/lib",
				);
				PRODUCT_NAME = "$(TARGET_NAME)";
			};
			name = Release;
		};
/* End XCBuildConfiguration section */

/* Begin XCConfigurationList section */
		877B3A90258789EF00852CD3 /* Build configuration list for PBXProject "rb3converter" */ = {
			isa = XCConfigurationList;
			buildConfigurations = (
				877B3A9A258789F000852CD3 /* Debug */,
				877B3A9B258789F000852CD3 /* Release */,
			);
			defaultConfigurationIsVisible = 0;
			defaultConfigurationName = Release;
		};
		877B3A9C258789F000852CD3 /* Build configuration list for PBXNativeTarget "rb3converter" */ = {
			isa = XCConfigurationList;
			buildConfigurations = (
				877B3A9D258789F000852CD3 /* Debug */,
				877B3A9E258789F000852CD3 /* Release */,
			);
			defaultConfigurationIsVisible = 0;
			defaultConfigurationName = Release;
		};
/* End XCConfigurationList section */
	};
	rootObject = 877B3A8D258789EF00852CD3 /* Project object */;
}
